// !$*UTF8*$!
{
	archiveVersion = 1;
	classes = {
	};
	objectVersion = 56;
	objects = {

/* Begin PBXBuildFile section */
		0B165B8B2C7BCE5A00CB5DF8 /* FirebaseAppApp.swift in Sources */ = {isa = PBXBuildFile; fileRef = 0B165B8A2C7BCE5A00CB5DF8 /* FirebaseAppApp.swift */; };
		0B165B8D2C7BCE5A00CB5DF8 /* ContentView.swift in Sources */ = {isa = PBXBuildFile; fileRef = 0B165B8C2C7BCE5A00CB5DF8 /* ContentView.swift */; };
		0B165B8F2C7BCE5B00CB5DF8 /* Assets.xcassets in Resources */ = {isa = PBXBuildFile; fileRef = 0B165B8E2C7BCE5B00CB5DF8 /* Assets.xcassets */; };
		0B165B922C7BCE5B00CB5DF8 /* Preview Assets.xcassets in Resources */ = {isa = PBXBuildFile; fileRef = 0B165B912C7BCE5B00CB5DF8 /* Preview Assets.xcassets */; };
		0B165B9C2C7BCE5B00CB5DF8 /* FirebaseAppTests.swift in Sources */ = {isa = PBXBuildFile; fileRef = 0B165B9B2C7BCE5B00CB5DF8 /* FirebaseAppTests.swift */; };
		0B165BA62C7BCE5B00CB5DF8 /* FirebaseAppUITests.swift in Sources */ = {isa = PBXBuildFile; fileRef = 0B165BA52C7BCE5B00CB5DF8 /* FirebaseAppUITests.swift */; };
		0B165BA82C7BCE5B00CB5DF8 /* FirebaseAppUITestsLaunchTests.swift in Sources */ = {isa = PBXBuildFile; fileRef = 0B165BA72C7BCE5B00CB5DF8 /* FirebaseAppUITestsLaunchTests.swift */; };
/* End PBXBuildFile section */

/* Begin PBXContainerItemProxy section */
		0B165B982C7BCE5B00CB5DF8 /* PBXContainerItemProxy */ = {
			isa = PBXContainerItemProxy;
			containerPortal = 0B165B7F2C7BCE5A00CB5DF8 /* Project object */;
			proxyType = 1;
			remoteGlobalIDString = 0B165B862C7BCE5A00CB5DF8;
			remoteInfo = FirebaseApp;
		};
		0B165BA22C7BCE5B00CB5DF8 /* PBXContainerItemProxy */ = {
			isa = PBXContainerItemProxy;
			containerPortal = 0B165B7F2C7BCE5A00CB5DF8 /* Project object */;
			proxyType = 1;
			remoteGlobalIDString = 0B165B862C7BCE5A00CB5DF8;
			remoteInfo = FirebaseApp;
		};
/* End PBXContainerItemProxy section */

/* Begin PBXFileReference section */
		0B165B872C7BCE5A00CB5DF8 /* FirebaseApp.app */ = {isa = PBXFileReference; explicitFileType = wrapper.application; includeInIndex = 0; path = FirebaseApp.app; sourceTree = BUILT_PRODUCTS_DIR; };
		0B165B8A2C7BCE5A00CB5DF8 /* FirebaseAppApp.swift */ = {isa = PBXFileReference; lastKnownFileType = sourcecode.swift; path = FirebaseAppApp.swift; sourceTree = "<group>"; };
		0B165B8C2C7BCE5A00CB5DF8 /* ContentView.swift */ = {isa = PBXFileReference; lastKnownFileType = sourcecode.swift; path = ContentView.swift; sourceTree = "<group>"; };
		0B165B8E2C7BCE5B00CB5DF8 /* Assets.xcassets */ = {isa = PBXFileReference; lastKnownFileType = folder.assetcatalog; path = Assets.xcassets; sourceTree = "<group>"; };
		0B165B912C7BCE5B00CB5DF8 /* Preview Assets.xcassets */ = {isa = PBXFileReference; lastKnownFileType = folder.assetcatalog; path = "Preview Assets.xcassets"; sourceTree = "<group>"; };
		0B165B972C7BCE5B00CB5DF8 /* FirebaseAppTests.xctest */ = {isa = PBXFileReference; explicitFileType = wrapper.cfbundle; includeInIndex = 0; path = FirebaseAppTests.xctest; sourceTree = BUILT_PRODUCTS_DIR; };
		0B165B9B2C7BCE5B00CB5DF8 /* FirebaseAppTests.swift */ = {isa = PBXFileReference; lastKnownFileType = sourcecode.swift; path = FirebaseAppTests.swift; sourceTree = "<group>"; };
		0B165BA12C7BCE5B00CB5DF8 /* FirebaseAppUITests.xctest */ = {isa = PBXFileReference; explicitFileType = wrapper.cfbundle; includeInIndex = 0; path = FirebaseAppUITests.xctest; sourceTree = BUILT_PRODUCTS_DIR; };
		0B165BA52C7BCE5B00CB5DF8 /* FirebaseAppUITests.swift */ = {isa = PBXFileReference; lastKnownFileType = sourcecode.swift; path = FirebaseAppUITests.swift; sourceTree = "<group>"; };
		0B165BA72C7BCE5B00CB5DF8 /* FirebaseAppUITestsLaunchTests.swift */ = {isa = PBXFileReference; lastKnownFileType = sourcecode.swift; path = FirebaseAppUITestsLaunchTests.swift; sourceTree = "<group>"; };
/* End PBXFileReference section */

/* Begin PBXFrameworksBuildPhase section */
		0B165B842C7BCE5A00CB5DF8 /* Frameworks */ = {
			isa = PBXFrameworksBuildPhase;
			buildActionMask = 2147483647;
			files = (
			);
			runOnlyForDeploymentPostprocessing = 0;
		};
		0B165B942C7BCE5B00CB5DF8 /* Frameworks */ = {
			isa = PBXFrameworksBuildPhase;
			buildActionMask = 2147483647;
			files = (
			);
			runOnlyForDeploymentPostprocessing = 0;
		};
		0B165B9E2C7BCE5B00CB5DF8 /* Frameworks */ = {
			isa = PBXFrameworksBuildPhase;
			buildActionMask = 2147483647;
			files = (
			);
			runOnlyForDeploymentPostprocessing = 0;
		};
/* End PBXFrameworksBuildPhase section */

/* Begin PBXGroup section */
		0B165B7E2C7BCE5A00CB5DF8 = {
			isa = PBXGroup;
			children = (
				0B165B892C7BCE5A00CB5DF8 /* FirebaseApp */,
				0B165B9A2C7BCE5B00CB5DF8 /* FirebaseAppTests */,
				0B165BA42C7BCE5B00CB5DF8 /* FirebaseAppUITests */,
				0B165B882C7BCE5A00CB5DF8 /* Products */,
			);
			sourceTree = "<group>";
		};
		0B165B882C7BCE5A00CB5DF8 /* Products */ = {
			isa = PBXGroup;
			children = (
				0B165B872C7BCE5A00CB5DF8 /* FirebaseApp.app */,
				0B165B972C7BCE5B00CB5DF8 /* FirebaseAppTests.xctest */,
				0B165BA12C7BCE5B00CB5DF8 /* FirebaseAppUITests.xctest */,
			);
			name = Products;
			sourceTree = "<group>";
		};
		0B165B892C7BCE5A00CB5DF8 /* FirebaseApp */ = {
			isa = PBXGroup;
			children = (
				0B165B8A2C7BCE5A00CB5DF8 /* FirebaseAppApp.swift */,
				0B165B8C2C7BCE5A00CB5DF8 /* ContentView.swift */,
				0B165B8E2C7BCE5B00CB5DF8 /* Assets.xcassets */,
				0B165B902C7BCE5B00CB5DF8 /* Preview Content */,
			);
			path = FirebaseApp;
			sourceTree = "<group>";
		};
		0B165B902C7BCE5B00CB5DF8 /* Preview Content */ = {
			isa = PBXGroup;
			children = (
				0B165B912C7BCE5B00CB5DF8 /* Preview Assets.xcassets */,
			);
			path = "Preview Content";
			sourceTree = "<group>";
		};
		0B165B9A2C7BCE5B00CB5DF8 /* FirebaseAppTests */ = {
			isa = PBXGroup;
			children = (
				0B165B9B2C7BCE5B00CB5DF8 /* FirebaseAppTests.swift */,
			);
			path = FirebaseAppTests;
			sourceTree = "<group>";
		};
		0B165BA42C7BCE5B00CB5DF8 /* FirebaseAppUITests */ = {
			isa = PBXGroup;
			children = (
				0B165BA52C7BCE5B00CB5DF8 /* FirebaseAppUITests.swift */,
				0B165BA72C7BCE5B00CB5DF8 /* FirebaseAppUITestsLaunchTests.swift */,
			);
			path = FirebaseAppUITests;
			sourceTree = "<group>";
		};
/* End PBXGroup section */

/* Begin PBXNativeTarget section */
		0B165B862C7BCE5A00CB5DF8 /* FirebaseApp */ = {
			isa = PBXNativeTarget;
			buildConfigurationList = 0B165BAB2C7BCE5B00CB5DF8 /* Build configuration list for PBXNativeTarget "FirebaseApp" */;
			buildPhases = (
				0B165B832C7BCE5A00CB5DF8 /* Sources */,
				0B165B842C7BCE5A00CB5DF8 /* Frameworks */,
				0B165B852C7BCE5A00CB5DF8 /* Resources */,
			);
			buildRules = (
			);
			dependencies = (
			);
			name = FirebaseApp;
			productName = FirebaseApp;
			productReference = 0B165B872C7BCE5A00CB5DF8 /* FirebaseApp.app */;
			productType = "com.apple.product-type.application";
		};
		0B165B962C7BCE5B00CB5DF8 /* FirebaseAppTests */ = {
			isa = PBXNativeTarget;
			buildConfigurationList = 0B165BAE2C7BCE5B00CB5DF8 /* Build configuration list for PBXNativeTarget "FirebaseAppTests" */;
			buildPhases = (
				0B165B932C7BCE5B00CB5DF8 /* Sources */,
				0B165B942C7BCE5B00CB5DF8 /* Frameworks */,
				0B165B952C7BCE5B00CB5DF8 /* Resources */,
			);
			buildRules = (
			);
			dependencies = (
				0B165B992C7BCE5B00CB5DF8 /* PBXTargetDependency */,
			);
			name = FirebaseAppTests;
			productName = FirebaseAppTests;
			productReference = 0B165B972C7BCE5B00CB5DF8 /* FirebaseAppTests.xctest */;
			productType = "com.apple.product-type.bundle.unit-test";
		};
		0B165BA02C7BCE5B00CB5DF8 /* FirebaseAppUITests */ = {
			isa = PBXNativeTarget;
			buildConfigurationList = 0B165BB12C7BCE5B00CB5DF8 /* Build configuration list for PBXNativeTarget "FirebaseAppUITests" */;
			buildPhases = (
				0B165B9D2C7BCE5B00CB5DF8 /* Sources */,
				0B165B9E2C7BCE5B00CB5DF8 /* Frameworks */,
				0B165B9F2C7BCE5B00CB5DF8 /* Resources */,
			);
			buildRules = (
			);
			dependencies = (
				0B165BA32C7BCE5B00CB5DF8 /* PBXTargetDependency */,
			);
			name = FirebaseAppUITests;
			productName = FirebaseAppUITests;
			productReference = 0B165BA12C7BCE5B00CB5DF8 /* FirebaseAppUITests.xctest */;
			productType = "com.apple.product-type.bundle.ui-testing";
		};
/* End PBXNativeTarget section */

/* Begin PBXProject section */
		0B165B7F2C7BCE5A00CB5DF8 /* Project object */ = {
			isa = PBXProject;
			attributes = {
				BuildIndependentTargetsInParallel = 1;
				LastSwiftUpdateCheck = 1540;
				LastUpgradeCheck = 1540;
				TargetAttributes = {
					0B165B862C7BCE5A00CB5DF8 = {
						CreatedOnToolsVersion = 15.4;
					};
					0B165B962C7BCE5B00CB5DF8 = {
						CreatedOnToolsVersion = 15.4;
						TestTargetID = 0B165B862C7BCE5A00CB5DF8;
					};
					0B165BA02C7BCE5B00CB5DF8 = {
						CreatedOnToolsVersion = 15.4;
						TestTargetID = 0B165B862C7BCE5A00CB5DF8;
					};
				};
			};
			buildConfigurationList = 0B165B822C7BCE5A00CB5DF8 /* Build configuration list for PBXProject "FirebaseApp" */;
			compatibilityVersion = "Xcode 14.0";
			developmentRegion = en;
			hasScannedForEncodings = 0;
			knownRegions = (
				en,
				Base,
			);
			mainGroup = 0B165B7E2C7BCE5A00CB5DF8;
			productRefGroup = 0B165B882C7BCE5A00CB5DF8 /* Products */;
			projectDirPath = "";
			projectRoot = "";
			targets = (
				0B165B862C7BCE5A00CB5DF8 /* FirebaseApp */,
				0B165B962C7BCE5B00CB5DF8 /* FirebaseAppTests */,
				0B165BA02C7BCE5B00CB5DF8 /* FirebaseAppUITests */,
			);
		};
/* End PBXProject section */

/* Begin PBXResourcesBuildPhase section */
		0B165B852C7BCE5A00CB5DF8 /* Resources */ = {
			isa = PBXResourcesBuildPhase;
			buildActionMask = 2147483647;
			files = (
				0B165B922C7BCE5B00CB5DF8 /* Preview Assets.xcassets in Resources */,
				0B165B8F2C7BCE5B00CB5DF8 /* Assets.xcassets in Resources */,
			);
			runOnlyForDeploymentPostprocessing = 0;
		};
		0B165B952C7BCE5B00CB5DF8 /* Resources */ = {
			isa = PBXResourcesBuildPhase;
			buildActionMask = 2147483647;
			files = (
			);
			runOnlyForDeploymentPostprocessing = 0;
		};
		0B165B9F2C7BCE5B00CB5DF8 /* Resources */ = {
			isa = PBXResourcesBuildPhase;
			buildActionMask = 2147483647;
			files = (
			);
			runOnlyForDeploymentPostprocessing = 0;
		};
/* End PBXResourcesBuildPhase section */

/* Begin PBXSourcesBuildPhase section */
		0B165B832C7BCE5A00CB5DF8 /* Sources */ = {
			isa = PBXSourcesBuildPhase;
			buildActionMask = 2147483647;
			files = (
				0B165B8D2C7BCE5A00CB5DF8 /* ContentView.swift in Sources */,
				0B165B8B2C7BCE5A00CB5DF8 /* FirebaseAppApp.swift in Sources */,
			);
			runOnlyForDeploymentPostprocessing = 0;
		};
		0B165B932C7BCE5B00CB5DF8 /* Sources */ = {
			isa = PBXSourcesBuildPhase;
			buildActionMask = 2147483647;
			files = (
				0B165B9C2C7BCE5B00CB5DF8 /* FirebaseAppTests.swift in Sources */,
			);
			runOnlyForDeploymentPostprocessing = 0;
		};
		0B165B9D2C7BCE5B00CB5DF8 /* Sources */ = {
			isa = PBXSourcesBuildPhase;
			buildActionMask = 2147483647;
			files = (
				0B165BA62C7BCE5B00CB5DF8 /* FirebaseAppUITests.swift in Sources */,
				0B165BA82C7BCE5B00CB5DF8 /* FirebaseAppUITestsLaunchTests.swift in Sources */,
			);
			runOnlyForDeploymentPostprocessing = 0;
		};
/* End PBXSourcesBuildPhase section */

/* Begin PBXTargetDependency section */
		0B165B992C7BCE5B00CB5DF8 /* PBXTargetDependency */ = {
			isa = PBXTargetDependency;
			target = 0B165B862C7BCE5A00CB5DF8 /* FirebaseApp */;
			targetProxy = 0B165B982C7BCE5B00CB5DF8 /* PBXContainerItemProxy */;
		};
		0B165BA32C7BCE5B00CB5DF8 /* PBXTargetDependency */ = {
			isa = PBXTargetDependency;
			target = 0B165B862C7BCE5A00CB5DF8 /* FirebaseApp */;
			targetProxy = 0B165BA22C7BCE5B00CB5DF8 /* PBXContainerItemProxy */;
		};
/* End PBXTargetDependency section */

/* Begin XCBuildConfiguration section */
		0B165BA92C7BCE5B00CB5DF8 /* Debug */ = {
			isa = XCBuildConfiguration;
			buildSettings = {
				ALWAYS_SEARCH_USER_PATHS = NO;
				ASSETCATALOG_COMPILER_GENERATE_SWIFT_ASSET_SYMBOL_EXTENSIONS = YES;
				CLANG_ANALYZER_NONNULL = YES;
				CLANG_ANALYZER_NUMBER_OBJECT_CONVERSION = YES_AGGRESSIVE;
				CLANG_CXX_LANGUAGE_STANDARD = "gnu++20";
				CLANG_ENABLE_MODULES = YES;
				CLANG_ENABLE_OBJC_ARC = YES;
				CLANG_ENABLE_OBJC_WEAK = YES;
				CLANG_WARN_BLOCK_CAPTURE_AUTORELEASING = YES;
				CLANG_WARN_BOOL_CONVERSION = YES;
				CLANG_WARN_COMMA = YES;
				CLANG_WARN_CONSTANT_CONVERSION = YES;
				CLANG_WARN_DEPRECATED_OBJC_IMPLEMENTATIONS = YES;
				CLANG_WARN_DIRECT_OBJC_ISA_USAGE = YES_ERROR;
				CLANG_WARN_DOCUMENTATION_COMMENTS = YES;
				CLANG_WARN_EMPTY_BODY = YES;
				CLANG_WARN_ENUM_CONVERSION = YES;
				CLANG_WARN_INFINITE_RECURSION = YES;
				CLANG_WARN_INT_CONVERSION = YES;
				CLANG_WARN_NON_LITERAL_NULL_CONVERSION = YES;
				CLANG_WARN_OBJC_IMPLICIT_RETAIN_SELF = YES;
				CLANG_WARN_OBJC_LITERAL_CONVERSION = YES;
				CLANG_WARN_OBJC_ROOT_CLASS = YES_ERROR;
				CLANG_WARN_QUOTED_INCLUDE_IN_FRAMEWORK_HEADER = YES;
				CLANG_WARN_RANGE_LOOP_ANALYSIS = YES;
				CLANG_WARN_STRICT_PROTOTYPES = YES;
				CLANG_WARN_SUSPICIOUS_MOVE = YES;
				CLANG_WARN_UNGUARDED_AVAILABILITY = YES_AGGRESSIVE;
				CLANG_WARN_UNREACHABLE_CODE = YES;
				CLANG_WARN__DUPLICATE_METHOD_MATCH = YES;
				COPY_PHASE_STRIP = NO;
				DEBUG_INFORMATION_FORMAT = dwarf;
				ENABLE_STRICT_OBJC_MSGSEND = YES;
				ENABLE_TESTABILITY = YES;
				ENABLE_USER_SCRIPT_SANDBOXING = YES;
				GCC_C_LANGUAGE_STANDARD = gnu17;
				GCC_DYNAMIC_NO_PIC = NO;
				GCC_NO_COMMON_BLOCKS = YES;
				GCC_OPTIMIZATION_LEVEL = 0;
				GCC_PREPROCESSOR_DEFINITIONS = (
					"DEBUG=1",
					"$(inherited)",
				);
				GCC_WARN_64_TO_32_BIT_CONVERSION = YES;
				GCC_WARN_ABOUT_RETURN_TYPE = YES_ERROR;
				GCC_WARN_UNDECLARED_SELECTOR = YES;
				GCC_WARN_UNINITIALIZED_AUTOS = YES_AGGRESSIVE;
				GCC_WARN_UNUSED_FUNCTION = YES;
				GCC_WARN_UNUSED_VARIABLE = YES;
				IPHONEOS_DEPLOYMENT_TARGET = 17.5;
				LOCALIZATION_PREFERS_STRING_CATALOGS = YES;
				MTL_ENABLE_DEBUG_INFO = INCLUDE_SOURCE;
				MTL_FAST_MATH = YES;
				ONLY_ACTIVE_ARCH = YES;
				SDKROOT = iphoneos;
				SWIFT_ACTIVE_COMPILATION_CONDITIONS = "DEBUG $(inherited)";
				SWIFT_OPTIMIZATION_LEVEL = "-Onone";
			};
			name = Debug;
		};
		0B165BAA2C7BCE5B00CB5DF8 /* Release */ = {
			isa = XCBuildConfiguration;
			buildSettings = {
				ALWAYS_SEARCH_USER_PATHS = NO;
				ASSETCATALOG_COMPILER_GENERATE_SWIFT_ASSET_SYMBOL_EXTENSIONS = YES;
				CLANG_ANALYZER_NONNULL = YES;
				CLANG_ANALYZER_NUMBER_OBJECT_CONVERSION = YES_AGGRESSIVE;
				CLANG_CXX_LANGUAGE_STANDARD = "gnu++20";
				CLANG_ENABLE_MODULES = YES;
				CLANG_ENABLE_OBJC_ARC = YES;
				CLANG_ENABLE_OBJC_WEAK = YES;
				CLANG_WARN_BLOCK_CAPTURE_AUTORELEASING = YES;
				CLANG_WARN_BOOL_CONVERSION = YES;
				CLANG_WARN_COMMA = YES;
				CLANG_WARN_CONSTANT_CONVERSION = YES;
				CLANG_WARN_DEPRECATED_OBJC_IMPLEMENTATIONS = YES;
				CLANG_WARN_DIRECT_OBJC_ISA_USAGE = YES_ERROR;
				CLANG_WARN_DOCUMENTATION_COMMENTS = YES;
				CLANG_WARN_EMPTY_BODY = YES;
				CLANG_WARN_ENUM_CONVERSION = YES;
				CLANG_WARN_INFINITE_RECURSION = YES;
				CLANG_WARN_INT_CONVERSION = YES;
				CLANG_WARN_NON_LITERAL_NULL_CONVERSION = YES;
				CLANG_WARN_OBJC_IMPLICIT_RETAIN_SELF = YES;
				CLANG_WARN_OBJC_LITERAL_CONVERSION = YES;
				CLANG_WARN_OBJC_ROOT_CLASS = YES_ERROR;
				CLANG_WARN_QUOTED_INCLUDE_IN_FRAMEWORK_HEADER = YES;
				CLANG_WARN_RANGE_LOOP_ANALYSIS = YES;
				CLANG_WARN_STRICT_PROTOTYPES = YES;
				CLANG_WARN_SUSPICIOUS_MOVE = YES;
				CLANG_WARN_UNGUARDED_AVAILABILITY = YES_AGGRESSIVE;
				CLANG_WARN_UNREACHABLE_CODE = YES;
				CLANG_WARN__DUPLICATE_METHOD_MATCH = YES;
				COPY_PHASE_STRIP = NO;
				DEBUG_INFORMATION_FORMAT = "dwarf-with-dsym";
				ENABLE_NS_ASSERTIONS = NO;
				ENABLE_STRICT_OBJC_MSGSEND = YES;
				ENABLE_USER_SCRIPT_SANDBOXING = YES;
				GCC_C_LANGUAGE_STANDARD = gnu17;
				GCC_NO_COMMON_BLOCKS = YES;
				GCC_WARN_64_TO_32_BIT_CONVERSION = YES;
				GCC_WARN_ABOUT_RETURN_TYPE = YES_ERROR;
				GCC_WARN_UNDECLARED_SELECTOR = YES;
				GCC_WARN_UNINITIALIZED_AUTOS = YES_AGGRESSIVE;
				GCC_WARN_UNUSED_FUNCTION = YES;
				GCC_WARN_UNUSED_VARIABLE = YES;
				IPHONEOS_DEPLOYMENT_TARGET = 17.5;
				LOCALIZATION_PREFERS_STRING_CATALOGS = YES;
				MTL_ENABLE_DEBUG_INFO = NO;
				MTL_FAST_MATH = YES;
				SDKROOT = iphoneos;
				SWIFT_COMPILATION_MODE = wholemodule;
				VALIDATE_PRODUCT = YES;
			};
			name = Release;
		};
		0B165BAC2C7BCE5B00CB5DF8 /* Debug */ = {
			isa = XCBuildConfiguration;
			buildSettings = {
				ASSETCATALOG_COMPILER_APPICON_NAME = AppIcon;
				ASSETCATALOG_COMPILER_GLOBAL_ACCENT_COLOR_NAME = AccentColor;
				CODE_SIGN_STYLE = Automatic;
				CURRENT_PROJECT_VERSION = 1;
				DEVELOPMENT_ASSET_PATHS = "\"FirebaseApp/Preview Content\"";
				ENABLE_PREVIEWS = YES;
				GENERATE_INFOPLIST_FILE = YES;
				INFOPLIST_KEY_UIApplicationSceneManifest_Generation = YES;
				INFOPLIST_KEY_UIApplicationSupportsIndirectInputEvents = YES;
				INFOPLIST_KEY_UILaunchScreen_Generation = YES;
				INFOPLIST_KEY_UISupportedInterfaceOrientations_iPad = "UIInterfaceOrientationPortrait UIInterfaceOrientationPortraitUpsideDown UIInterfaceOrientationLandscapeLeft UIInterfaceOrientationLandscapeRight";
				INFOPLIST_KEY_UISupportedInterfaceOrientations_iPhone = "UIInterfaceOrientationPortrait UIInterfaceOrientationLandscapeLeft UIInterfaceOrientationLandscapeRight";
				LD_RUNPATH_SEARCH_PATHS = (
					"$(inherited)",
					"@executable_path/Frameworks",
				);
				MARKETING_VERSION = 1.0;
				PRODUCT_BUNDLE_IDENTIFIER = juli.FirebaseApp;
				PRODUCT_NAME = "$(TARGET_NAME)";
				SWIFT_EMIT_LOC_STRINGS = YES;
				SWIFT_VERSION = 5.0;
				TARGETED_DEVICE_FAMILY = "1,2";
			};
			name = Debug;
		};
		0B165BAD2C7BCE5B00CB5DF8 /* Release */ = {
			isa = XCBuildConfiguration;
			buildSettings = {
				ASSETCATALOG_COMPILER_APPICON_NAME = AppIcon;
				ASSETCATALOG_COMPILER_GLOBAL_ACCENT_COLOR_NAME = AccentColor;
				CODE_SIGN_STYLE = Automatic;
				CURRENT_PROJECT_VERSION = 1;
				DEVELOPMENT_ASSET_PATHS = "\"FirebaseApp/Preview Content\"";
				ENABLE_PREVIEWS = YES;
				GENERATE_INFOPLIST_FILE = YES;
				INFOPLIST_KEY_UIApplicationSceneManifest_Generation = YES;
				INFOPLIST_KEY_UIApplicationSupportsIndirectInputEvents = YES;
				INFOPLIST_KEY_UILaunchScreen_Generation = YES;
				INFOPLIST_KEY_UISupportedInterfaceOrientations_iPad = "UIInterfaceOrientationPortrait UIInterfaceOrientationPortraitUpsideDown UIInterfaceOrientationLandscapeLeft UIInterfaceOrientationLandscapeRight";
				INFOPLIST_KEY_UISupportedInterfaceOrientations_iPhone = "UIInterfaceOrientationPortrait UIInterfaceOrientationLandscapeLeft UIInterfaceOrientationLandscapeRight";
				LD_RUNPATH_SEARCH_PATHS = (
					"$(inherited)",
					"@executable_path/Frameworks",
				);
				MARKETING_VERSION = 1.0;
				PRODUCT_BUNDLE_IDENTIFIER = juli.FirebaseApp;
				PRODUCT_NAME = "$(TARGET_NAME)";
				SWIFT_EMIT_LOC_STRINGS = YES;
				SWIFT_VERSION = 5.0;
				TARGETED_DEVICE_FAMILY = "1,2";
			};
			name = Release;
		};
		0B165BAF2C7BCE5B00CB5DF8 /* Debug */ = {
			isa = XCBuildConfiguration;
			buildSettings = {
				ALWAYS_EMBED_SWIFT_STANDARD_LIBRARIES = YES;
				BUNDLE_LOADER = "$(TEST_HOST)";
				CODE_SIGN_STYLE = Automatic;
				CURRENT_PROJECT_VERSION = 1;
				GENERATE_INFOPLIST_FILE = YES;
				IPHONEOS_DEPLOYMENT_TARGET = 17.5;
				MARKETING_VERSION = 1.0;
				PRODUCT_BUNDLE_IDENTIFIER = juli.FirebaseAppTests;
				PRODUCT_NAME = "$(TARGET_NAME)";
				SWIFT_EMIT_LOC_STRINGS = NO;
				SWIFT_VERSION = 5.0;
				TARGETED_DEVICE_FAMILY = "1,2";
				TEST_HOST = "$(BUILT_PRODUCTS_DIR)/FirebaseApp.app/$(BUNDLE_EXECUTABLE_FOLDER_PATH)/FirebaseApp";
			};
			name = Debug;
		};
		0B165BB02C7BCE5B00CB5DF8 /* Release */ = {
			isa = XCBuildConfiguration;
			buildSettings = {
				ALWAYS_EMBED_SWIFT_STANDARD_LIBRARIES = YES;
				BUNDLE_LOADER = "$(TEST_HOST)";
				CODE_SIGN_STYLE = Automatic;
				CURRENT_PROJECT_VERSION = 1;
				GENERATE_INFOPLIST_FILE = YES;
				IPHONEOS_DEPLOYMENT_TARGET = 17.5;
				MARKETING_VERSION = 1.0;
				PRODUCT_BUNDLE_IDENTIFIER = juli.FirebaseAppTests;
				PRODUCT_NAME = "$(TARGET_NAME)";
				SWIFT_EMIT_LOC_STRINGS = NO;
				SWIFT_VERSION = 5.0;
				TARGETED_DEVICE_FAMILY = "1,2";
				TEST_HOST = "$(BUILT_PRODUCTS_DIR)/FirebaseApp.app/$(BUNDLE_EXECUTABLE_FOLDER_PATH)/FirebaseApp";
			};
			name = Release;
		};
		0B165BB22C7BCE5B00CB5DF8 /* Debug */ = {
			isa = XCBuildConfiguration;
			buildSettings = {
				ALWAYS_EMBED_SWIFT_STANDARD_LIBRARIES = YES;
				CODE_SIGN_STYLE = Automatic;
				CURRENT_PROJECT_VERSION = 1;
				GENERATE_INFOPLIST_FILE = YES;
				MARKETING_VERSION = 1.0;
				PRODUCT_BUNDLE_IDENTIFIER = juli.FirebaseAppUITests;
				PRODUCT_NAME = "$(TARGET_NAME)";
				SWIFT_EMIT_LOC_STRINGS = NO;
				SWIFT_VERSION = 5.0;
				TARGETED_DEVICE_FAMILY = "1,2";
				TEST_TARGET_NAME = FirebaseApp;
			};
			name = Debug;
		};
		0B165BB32C7BCE5B00CB5DF8 /* Release */ = {
			isa = XCBuildConfiguration;
			buildSettings = {
				ALWAYS_EMBED_SWIFT_STANDARD_LIBRARIES = YES;
				CODE_SIGN_STYLE = Automatic;
				CURRENT_PROJECT_VERSION = 1;
				GENERATE_INFOPLIST_FILE = YES;
				MARKETING_VERSION = 1.0;
				PRODUCT_BUNDLE_IDENTIFIER = juli.FirebaseAppUITests;
				PRODUCT_NAME = "$(TARGET_NAME)";
				SWIFT_EMIT_LOC_STRINGS = NO;
				SWIFT_VERSION = 5.0;
				TARGETED_DEVICE_FAMILY = "1,2";
				TEST_TARGET_NAME = FirebaseApp;
			};
			name = Release;
		};
/* End XCBuildConfiguration section */

/* Begin XCConfigurationList section */
		0B165B822C7BCE5A00CB5DF8 /* Build configuration list for PBXProject "FirebaseApp" */ = {
			isa = XCConfigurationList;
			buildConfigurations = (
				0B165BA92C7BCE5B00CB5DF8 /* Debug */,
				0B165BAA2C7BCE5B00CB5DF8 /* Release */,
			);
			defaultConfigurationIsVisible = 0;
			defaultConfigurationName = Release;
		};
		0B165BAB2C7BCE5B00CB5DF8 /* Build configuration list for PBXNativeTarget "FirebaseApp" */ = {
			isa = XCConfigurationList;
			buildConfigurations = (
				0B165BAC2C7BCE5B00CB5DF8 /* Debug */,
				0B165BAD2C7BCE5B00CB5DF8 /* Release */,
			);
			defaultConfigurationIsVisible = 0;
			defaultConfigurationName = Release;
		};
		0B165BAE2C7BCE5B00CB5DF8 /* Build configuration list for PBXNativeTarget "FirebaseAppTests" */ = {
			isa = XCConfigurationList;
			buildConfigurations = (
				0B165BAF2C7BCE5B00CB5DF8 /* Debug */,
				0B165BB02C7BCE5B00CB5DF8 /* Release */,
			);
			defaultConfigurationIsVisible = 0;
			defaultConfigurationName = Release;
		};
		0B165BB12C7BCE5B00CB5DF8 /* Build configuration list for PBXNativeTarget "FirebaseAppUITests" */ = {
			isa = XCConfigurationList;
			buildConfigurations = (
				0B165BB22C7BCE5B00CB5DF8 /* Debug */,
				0B165BB32C7BCE5B00CB5DF8 /* Release */,
			);
			defaultConfigurationIsVisible = 0;
			defaultConfigurationName = Release;
		};
/* End XCConfigurationList section */
	};
	rootObject = 0B165B7F2C7BCE5A00CB5DF8 /* Project object */;
}
